
Microsoft Visual Studio Solution File, Format Version 12.00
# Visual Studio Version 17
VisualStudioVersion = 17.8.34511.84
MinimumVisualStudioVersion = 10.0.40219.1
Project("{FAE04EC0-301F-11D3-BF4B-00C04F79EFBC}") = "JeanCraftServerAPI", "JeanCraftServerAPI\JeanCraftServerAPI.csproj", "{F2080EE9-96CA-4B54-9BA8-9A7A51C32AC1}"
EndProject
Project("{FAE04EC0-301F-11D3-BF4B-00C04F79EFBC}") = "JeanCraftLibrary", "JeanCraftLibrary\JeanCraftLibrary.csproj", "{3348FE00-4240-4047-A1D5-EF699DA8F682}"
EndProject
Global
	GlobalSection(SolutionConfigurationPlatforms) = preSolution
		Debug|Any CPU = Debug|Any CPU
		Release|Any CPU = Release|Any CPU
	EndGlobalSection
	GlobalSection(ProjectConfigurationPlatforms) = postSolution
		{F2080EE9-96CA-4B54-9BA8-9A7A51C32AC1}.Debug|Any CPU.ActiveCfg = Debug|Any CPU
		{F2080EE9-96CA-4B54-9BA8-9A7A51C32AC1}.Debug|Any CPU.Build.0 = Debug|Any CPU
		{F2080EE9-96CA-4B54-9BA8-9A7A51C32AC1}.Release|Any CPU.ActiveCfg = Release|Any CPU
		{F2080EE9-96CA-4B54-9BA8-9A7A51C32AC1}.Release|Any CPU.Build.0 = Release|Any CPU
		{3348FE00-4240-4047-A1D5-EF699DA8F682}.Debug|Any CPU.ActiveCfg = Debug|Any CPU
		{3348FE00-4240-4047-A1D5-EF699DA8F682}.Debug|Any CPU.Build.0 = Debug|Any CPU
		{3348FE00-4240-4047-A1D5-EF699DA8F682}.Release|Any CPU.ActiveCfg = Release|Any CPU
		{3348FE00-4240-4047-A1D5-EF699DA8F682}.Release|Any CPU.Build.0 = Release|Any CPU
	EndGlobalSection
	GlobalSection(SolutionProperties) = preSolution
		HideSolutionNode = FALSE
	EndGlobalSection
	GlobalSection(ExtensibilityGlobals) = postSolution
		SolutionGuid = {199ED15B-EC79-4678-B75A-3DCE012A0950}
	EndGlobalSection
EndGlobal
